// !$*UTF8*$!
{
	archiveVersion = 1;
	classes = {
	};
	objectVersion = 56;
	objects = {

/* Begin PBXBuildFile section */
		7431830E297735A100D621AE /* Custom_Calculator_SwiftUIApp.swift in Sources */ = {isa = PBXBuildFile; fileRef = 7431830D297735A100D621AE /* Custom_Calculator_SwiftUIApp.swift */; };
		74318310297735A100D621AE /* ContentView.swift in Sources */ = {isa = PBXBuildFile; fileRef = 7431830F297735A100D621AE /* ContentView.swift */; };
		74318312297735A100D621AE /* Assets.xcassets in Resources */ = {isa = PBXBuildFile; fileRef = 74318311297735A100D621AE /* Assets.xcassets */; };
		74318315297735A100D621AE /* Preview Assets.xcassets in Resources */ = {isa = PBXBuildFile; fileRef = 74318314297735A100D621AE /* Preview Assets.xcassets */; };
		743183212977368200D621AE /* CalcItem.swift in Sources */ = {isa = PBXBuildFile; fileRef = 743183202977368200D621AE /* CalcItem.swift */; };
		74318323297736A100D621AE /* Array+Extension.swift in Sources */ = {isa = PBXBuildFile; fileRef = 74318322297736A100D621AE /* Array+Extension.swift */; };
		74318325297736C400D621AE /* String+Extension.swift in Sources */ = {isa = PBXBuildFile; fileRef = 74318324297736C400D621AE /* String+Extension.swift */; };
		743183272977371100D621AE /* CalculatorButtonView.swift in Sources */ = {isa = PBXBuildFile; fileRef = 743183262977371100D621AE /* CalculatorButtonView.swift */; };
		743183292977372700D621AE /* CalculatorKeyboardView.swift in Sources */ = {isa = PBXBuildFile; fileRef = 743183282977372700D621AE /* CalculatorKeyboardView.swift */; };
		7431832B2977375500D621AE /* break.ttf in Resources */ = {isa = PBXBuildFile; fileRef = 7431832A2977375500D621AE /* break.ttf */; };
		743183312977382100D621AE /* screen_3.png in Resources */ = {isa = PBXBuildFile; fileRef = 7431832D2977382100D621AE /* screen_3.png */; };
		743183322977382100D621AE /* screen_4.png in Resources */ = {isa = PBXBuildFile; fileRef = 7431832E2977382100D621AE /* screen_4.png */; };
		743183332977382100D621AE /* screen_1.png in Resources */ = {isa = PBXBuildFile; fileRef = 7431832F2977382100D621AE /* screen_1.png */; };
		743183342977382100D621AE /* screen_2.png in Resources */ = {isa = PBXBuildFile; fileRef = 743183302977382100D621AE /* screen_2.png */; };
/* End PBXBuildFile section */

/* Begin PBXFileReference section */
		7431830A297735A100D621AE /* Custom Calculator SwiftUI.app */ = {isa = PBXFileReference; explicitFileType = wrapper.application; includeInIndex = 0; path = "Custom Calculator SwiftUI.app"; sourceTree = BUILT_PRODUCTS_DIR; };
		7431830D297735A100D621AE /* Custom_Calculator_SwiftUIApp.swift */ = {isa = PBXFileReference; lastKnownFileType = sourcecode.swift; path = Custom_Calculator_SwiftUIApp.swift; sourceTree = "<group>"; };
		7431830F297735A100D621AE /* ContentView.swift */ = {isa = PBXFileReference; lastKnownFileType = sourcecode.swift; path = ContentView.swift; sourceTree = "<group>"; };
		74318311297735A100D621AE /* Assets.xcassets */ = {isa = PBXFileReference; lastKnownFileType = folder.assetcatalog; path = Assets.xcassets; sourceTree = "<group>"; };
		74318314297735A100D621AE /* Preview Assets.xcassets */ = {isa = PBXFileReference; lastKnownFileType = folder.assetcatalog; path = "Preview Assets.xcassets"; sourceTree = "<group>"; };
		7431831B297735D500D621AE /* Custom-Calculator-SwiftUI-Info.plist */ = {isa = PBXFileReference; lastKnownFileType = text.plist; path = "Custom-Calculator-SwiftUI-Info.plist"; sourceTree = SOURCE_ROOT; };
		743183202977368200D621AE /* CalcItem.swift */ = {isa = PBXFileReference; lastKnownFileType = sourcecode.swift; path = CalcItem.swift; sourceTree = "<group>"; };
		74318322297736A100D621AE /* Array+Extension.swift */ = {isa = PBXFileReference; lastKnownFileType = sourcecode.swift; path = "Array+Extension.swift"; sourceTree = "<group>"; };
		74318324297736C400D621AE /* String+Extension.swift */ = {isa = PBXFileReference; lastKnownFileType = sourcecode.swift; path = "String+Extension.swift"; sourceTree = "<group>"; };
		743183262977371100D621AE /* CalculatorButtonView.swift */ = {isa = PBXFileReference; lastKnownFileType = sourcecode.swift; path = CalculatorButtonView.swift; sourceTree = "<group>"; };
		743183282977372700D621AE /* CalculatorKeyboardView.swift */ = {isa = PBXFileReference; lastKnownFileType = sourcecode.swift; path = CalculatorKeyboardView.swift; sourceTree = "<group>"; };
		7431832A2977375500D621AE /* break.ttf */ = {isa = PBXFileReference; lastKnownFileType = file; path = break.ttf; sourceTree = "<group>"; };
		7431832C297737B400D621AE /* Readme.md */ = {isa = PBXFileReference; lastKnownFileType = net.daringfireball.markdown; path = Readme.md; sourceTree = "<group>"; };
		7431832D2977382100D621AE /* screen_3.png */ = {isa = PBXFileReference; lastKnownFileType = image.png; path = screen_3.png; sourceTree = "<group>"; };
		7431832E2977382100D621AE /* screen_4.png */ = {isa = PBXFileReference; lastKnownFileType = image.png; path = screen_4.png; sourceTree = "<group>"; };
		7431832F2977382100D621AE /* screen_1.png */ = {isa = PBXFileReference; lastKnownFileType = image.png; path = screen_1.png; sourceTree = "<group>"; };
		743183302977382100D621AE /* screen_2.png */ = {isa = PBXFileReference; lastKnownFileType = image.png; path = screen_2.png; sourceTree = "<group>"; };
/* End PBXFileReference section */

/* Begin PBXFrameworksBuildPhase section */
		74318307297735A100D621AE /* Frameworks */ = {
			isa = PBXFrameworksBuildPhase;
			buildActionMask = 2147483647;
			files = (
			);
			runOnlyForDeploymentPostprocessing = 0;
		};
/* End PBXFrameworksBuildPhase section */

/* Begin PBXGroup section */
		74318301297735A100D621AE = {
			isa = PBXGroup;
			children = (
				7431832C297737B400D621AE /* Readme.md */,
				7431832F2977382100D621AE /* screen_1.png */,
				743183302977382100D621AE /* screen_2.png */,
				7431832D2977382100D621AE /* screen_3.png */,
				7431832E2977382100D621AE /* screen_4.png */,
				7431830C297735A100D621AE /* Custom Calculator SwiftUI */,
				7431830B297735A100D621AE /* Products */,
			);
			sourceTree = "<group>";
		};
		7431830B297735A100D621AE /* Products */ = {
			isa = PBXGroup;
			children = (
				7431830A297735A100D621AE /* Custom Calculator SwiftUI.app */,
			);
			name = Products;
			sourceTree = "<group>";
		};
		7431830C297735A100D621AE /* Custom Calculator SwiftUI */ = {
			isa = PBXGroup;
			children = (
				7431831B297735D500D621AE /* Custom-Calculator-SwiftUI-Info.plist */,
				7431830D297735A100D621AE /* Custom_Calculator_SwiftUIApp.swift */,
				7431831D2977362400D621AE /* Font */,
				7431831E2977363200D621AE /* Extension */,
				7431831F2977363D00D621AE /* Model */,
				7431831C2977361900D621AE /* View */,
				74318311297735A100D621AE /* Assets.xcassets */,
				74318313297735A100D621AE /* Preview Content */,
			);
			path = "Custom Calculator SwiftUI";
			sourceTree = "<group>";
		};
		74318313297735A100D621AE /* Preview Content */ = {
			isa = PBXGroup;
			children = (
				74318314297735A100D621AE /* Preview Assets.xcassets */,
			);
			path = "Preview Content";
			sourceTree = "<group>";
		};
		7431831C2977361900D621AE /* View */ = {
			isa = PBXGroup;
			children = (
				7431830F297735A100D621AE /* ContentView.swift */,
				743183262977371100D621AE /* CalculatorButtonView.swift */,
				743183282977372700D621AE /* CalculatorKeyboardView.swift */,
			);
			path = View;
			sourceTree = "<group>";
		};
		7431831D2977362400D621AE /* Font */ = {
			isa = PBXGroup;
			children = (
				7431832A2977375500D621AE /* break.ttf */,
			);
			path = Font;
			sourceTree = "<group>";
		};
		7431831E2977363200D621AE /* Extension */ = {
			isa = PBXGroup;
			children = (
				74318322297736A100D621AE /* Array+Extension.swift */,
				74318324297736C400D621AE /* String+Extension.swift */,
			);
			path = Extension;
			sourceTree = "<group>";
		};
		7431831F2977363D00D621AE /* Model */ = {
			isa = PBXGroup;
			children = (
				743183202977368200D621AE /* CalcItem.swift */,
			);
			path = Model;
			sourceTree = "<group>";
		};
/* End PBXGroup section */

/* Begin PBXNativeTarget section */
		74318309297735A100D621AE /* Custom Calculator SwiftUI */ = {
			isa = PBXNativeTarget;
			buildConfigurationList = 74318318297735A100D621AE /* Build configuration list for PBXNativeTarget "Custom Calculator SwiftUI" */;
			buildPhases = (
				74318306297735A100D621AE /* Sources */,
				74318307297735A100D621AE /* Frameworks */,
				74318308297735A100D621AE /* Resources */,
			);
			buildRules = (
			);
			dependencies = (
			);
			name = "Custom Calculator SwiftUI";
			productName = "Custom Calculator SwiftUI";
			productReference = 7431830A297735A100D621AE /* Custom Calculator SwiftUI.app */;
			productType = "com.apple.product-type.application";
		};
/* End PBXNativeTarget section */

/* Begin PBXProject section */
		74318302297735A100D621AE /* Project object */ = {
			isa = PBXProject;
			attributes = {
				BuildIndependentTargetsInParallel = 1;
				LastSwiftUpdateCheck = 1420;
				LastUpgradeCheck = 1420;
				TargetAttributes = {
					74318309297735A100D621AE = {
						CreatedOnToolsVersion = 14.2;
					};
				};
			};
			buildConfigurationList = 74318305297735A100D621AE /* Build configuration list for PBXProject "Custom Calculator SwiftUI" */;
			compatibilityVersion = "Xcode 14.0";
			developmentRegion = en;
			hasScannedForEncodings = 0;
			knownRegions = (
				en,
				Base,
			);
			mainGroup = 74318301297735A100D621AE;
			productRefGroup = 7431830B297735A100D621AE /* Products */;
			projectDirPath = "";
			projectRoot = "";
			targets = (
				74318309297735A100D621AE /* Custom Calculator SwiftUI */,
			);
		};
/* End PBXProject section */

/* Begin PBXResourcesBuildPhase section */
		74318308297735A100D621AE /* Resources */ = {
			isa = PBXResourcesBuildPhase;
			buildActionMask = 2147483647;
			files = (
				743183322977382100D621AE /* screen_4.png in Resources */,
				743183332977382100D621AE /* screen_1.png in Resources */,
				74318315297735A100D621AE /* Preview Assets.xcassets in Resources */,
				743183312977382100D621AE /* screen_3.png in Resources */,
				74318312297735A100D621AE /* Assets.xcassets in Resources */,
				7431832B2977375500D621AE /* break.ttf in Resources */,
				743183342977382100D621AE /* screen_2.png in Resources */,
			);
			runOnlyForDeploymentPostprocessing = 0;
		};
/* End PBXResourcesBuildPhase section */

/* Begin PBXSourcesBuildPhase section */
		74318306297735A100D621AE /* Sources */ = {
			isa = PBXSourcesBuildPhase;
			buildActionMask = 2147483647;
			files = (
				743183212977368200D621AE /* CalcItem.swift in Sources */,
				74318310297735A100D621AE /* ContentView.swift in Sources */,
				7431830E297735A100D621AE /* Custom_Calculator_SwiftUIApp.swift in Sources */,
				743183292977372700D621AE /* CalculatorKeyboardView.swift in Sources */,
				74318325297736C400D621AE /* String+Extension.swift in Sources */,
				743183272977371100D621AE /* CalculatorButtonView.swift in Sources */,
				74318323297736A100D621AE /* Array+Extension.swift in Sources */,
			);
			runOnlyForDeploymentPostprocessing = 0;
		};
/* End PBXSourcesBuildPhase section */

/* Begin XCBuildConfiguration section */
		74318316297735A100D621AE /* Debug */ = {
			isa = XCBuildConfiguration;
			buildSettings = {
				ALWAYS_SEARCH_USER_PATHS = NO;
				CLANG_ANALYZER_NONNULL = YES;
				CLANG_ANALYZER_NUMBER_OBJECT_CONVERSION = YES_AGGRESSIVE;
				CLANG_CXX_LANGUAGE_STANDARD = "gnu++20";
				CLANG_ENABLE_MODULES = YES;
				CLANG_ENABLE_OBJC_ARC = YES;
				CLANG_ENABLE_OBJC_WEAK = YES;
				CLANG_WARN_BLOCK_CAPTURE_AUTORELEASING = YES;
				CLANG_WARN_BOOL_CONVERSION = YES;
				CLANG_WARN_COMMA = YES;
				CLANG_WARN_CONSTANT_CONVERSION = YES;
				CLANG_WARN_DEPRECATED_OBJC_IMPLEMENTATIONS = YES;
				CLANG_WARN_DIRECT_OBJC_ISA_USAGE = YES_ERROR;
				CLANG_WARN_DOCUMENTATION_COMMENTS = YES;
				CLANG_WARN_EMPTY_BODY = YES;
				CLANG_WARN_ENUM_CONVERSION = YES;
				CLANG_WARN_INFINITE_RECURSION = YES;
				CLANG_WARN_INT_CONVERSION = YES;
				CLANG_WARN_NON_LITERAL_NULL_CONVERSION = YES;
				CLANG_WARN_OBJC_IMPLICIT_RETAIN_SELF = YES;
				CLANG_WARN_OBJC_LITERAL_CONVERSION = YES;
				CLANG_WARN_OBJC_ROOT_CLASS = YES_ERROR;
				CLANG_WARN_QUOTED_INCLUDE_IN_FRAMEWORK_HEADER = YES;
				CLANG_WARN_RANGE_LOOP_ANALYSIS = YES;
				CLANG_WARN_STRICT_PROTOTYPES = YES;
				CLANG_WARN_SUSPICIOUS_MOVE = YES;
				CLANG_WARN_UNGUARDED_AVAILABILITY = YES_AGGRESSIVE;
				CLANG_WARN_UNREACHABLE_CODE = YES;
				CLANG_WARN__DUPLICATE_METHOD_MATCH = YES;
				COPY_PHASE_STRIP = NO;
				DEBUG_INFORMATION_FORMAT = dwarf;
				ENABLE_STRICT_OBJC_MSGSEND = YES;
				ENABLE_TESTABILITY = YES;
				GCC_C_LANGUAGE_STANDARD = gnu11;
				GCC_DYNAMIC_NO_PIC = NO;
				GCC_NO_COMMON_BLOCKS = YES;
				GCC_OPTIMIZATION_LEVEL = 0;
				GCC_PREPROCESSOR_DEFINITIONS = (
					"DEBUG=1",
					"$(inherited)",
				);
				GCC_WARN_64_TO_32_BIT_CONVERSION = YES;
				GCC_WARN_ABOUT_RETURN_TYPE = YES_ERROR;
				GCC_WARN_UNDECLARED_SELECTOR = YES;
				GCC_WARN_UNINITIALIZED_AUTOS = YES_AGGRESSIVE;
				GCC_WARN_UNUSED_FUNCTION = YES;
				GCC_WARN_UNUSED_VARIABLE = YES;
				IPHONEOS_DEPLOYMENT_TARGET = 16.2;
				MTL_ENABLE_DEBUG_INFO = INCLUDE_SOURCE;
				MTL_FAST_MATH = YES;
				ONLY_ACTIVE_ARCH = YES;
				SDKROOT = iphoneos;
				SWIFT_ACTIVE_COMPILATION_CONDITIONS = DEBUG;
				SWIFT_OPTIMIZATION_LEVEL = "-Onone";
			};
			name = Debug;
		};
		74318317297735A100D621AE /* Release */ = {
			isa = XCBuildConfiguration;
			buildSettings = {
				ALWAYS_SEARCH_USER_PATHS = NO;
				CLANG_ANALYZER_NONNULL = YES;
				CLANG_ANALYZER_NUMBER_OBJECT_CONVERSION = YES_AGGRESSIVE;
				CLANG_CXX_LANGUAGE_STANDARD = "gnu++20";
				CLANG_ENABLE_MODULES = YES;
				CLANG_ENABLE_OBJC_ARC = YES;
				CLANG_ENABLE_OBJC_WEAK = YES;
				CLANG_WARN_BLOCK_CAPTURE_AUTORELEASING = YES;
				CLANG_WARN_BOOL_CONVERSION = YES;
				CLANG_WARN_COMMA = YES;
				CLANG_WARN_CONSTANT_CONVERSION = YES;
				CLANG_WARN_DEPRECATED_OBJC_IMPLEMENTATIONS = YES;
				CLANG_WARN_DIRECT_OBJC_ISA_USAGE = YES_ERROR;
				CLANG_WARN_DOCUMENTATION_COMMENTS = YES;
				CLANG_WARN_EMPTY_BODY = YES;
				CLANG_WARN_ENUM_CONVERSION = YES;
				CLANG_WARN_INFINITE_RECURSION = YES;
				CLANG_WARN_INT_CONVERSION = YES;
				CLANG_WARN_NON_LITERAL_NULL_CONVERSION = YES;
				CLANG_WARN_OBJC_IMPLICIT_RETAIN_SELF = YES;
				CLANG_WARN_OBJC_LITERAL_CONVERSION = YES;
				CLANG_WARN_OBJC_ROOT_CLASS = YES_ERROR;
				CLANG_WARN_QUOTED_INCLUDE_IN_FRAMEWORK_HEADER = YES;
				CLANG_WARN_RANGE_LOOP_ANALYSIS = YES;
				CLANG_WARN_STRICT_PROTOTYPES = YES;
				CLANG_WARN_SUSPICIOUS_MOVE = YES;
				CLANG_WARN_UNGUARDED_AVAILABILITY = YES_AGGRESSIVE;
				CLANG_WARN_UNREACHABLE_CODE = YES;
				CLANG_WARN__DUPLICATE_METHOD_MATCH = YES;
				COPY_PHASE_STRIP = NO;
				DEBUG_INFORMATION_FORMAT = "dwarf-with-dsym";
				ENABLE_NS_ASSERTIONS = NO;
				ENABLE_STRICT_OBJC_MSGSEND = YES;
				GCC_C_LANGUAGE_STANDARD = gnu11;
				GCC_NO_COMMON_BLOCKS = YES;
				GCC_WARN_64_TO_32_BIT_CONVERSION = YES;
				GCC_WARN_ABOUT_RETURN_TYPE = YES_ERROR;
				GCC_WARN_UNDECLARED_SELECTOR = YES;
				GCC_WARN_UNINITIALIZED_AUTOS = YES_AGGRESSIVE;
				GCC_WARN_UNUSED_FUNCTION = YES;
				GCC_WARN_UNUSED_VARIABLE = YES;
				IPHONEOS_DEPLOYMENT_TARGET = 16.2;
				MTL_ENABLE_DEBUG_INFO = NO;
				MTL_FAST_MATH = YES;
				SDKROOT = iphoneos;
				SWIFT_COMPILATION_MODE = wholemodule;
				SWIFT_OPTIMIZATION_LEVEL = "-O";
				VALIDATE_PRODUCT = YES;
			};
			name = Release;
		};
		74318319297735A100D621AE /* Debug */ = {
			isa = XCBuildConfiguration;
			buildSettings = {
				ASSETCATALOG_COMPILER_APPICON_NAME = AppIcon;
				ASSETCATALOG_COMPILER_GLOBAL_ACCENT_COLOR_NAME = AccentColor;
				CODE_SIGN_STYLE = Automatic;
				CURRENT_PROJECT_VERSION = 1;
				DEVELOPMENT_ASSET_PATHS = "\"Custom Calculator SwiftUI/Preview Content\"";
				DEVELOPMENT_TEAM = 3LF677RTA3;
				ENABLE_PREVIEWS = YES;
				GENERATE_INFOPLIST_FILE = YES;
				INFOPLIST_FILE = "Custom-Calculator-SwiftUI-Info.plist";
				INFOPLIST_KEY_UIApplicationSupportsIndirectInputEvents = YES;
				INFOPLIST_KEY_UILaunchScreen_Generation = YES;
				INFOPLIST_KEY_UISupportedInterfaceOrientations_iPad = "UIInterfaceOrientationPortrait UIInterfaceOrientationPortraitUpsideDown UIInterfaceOrientationLandscapeLeft UIInterfaceOrientationLandscapeRight";
				INFOPLIST_KEY_UISupportedInterfaceOrientations_iPhone = "UIInterfaceOrientationPortrait UIInterfaceOrientationLandscapeLeft UIInterfaceOrientationLandscapeRight";
				LD_RUNPATH_SEARCH_PATHS = (
					"$(inherited)",
					"@executable_path/Frameworks",
				);
				MARKETING_VERSION = 1.0;
				PRODUCT_BUNDLE_IDENTIFIER = "Dmitry-Novosyolov.Custom-Calculator-SwiftUI";
				PRODUCT_NAME = "$(TARGET_NAME)";
				SWIFT_EMIT_LOC_STRINGS = YES;
				SWIFT_VERSION = 5.0;
				TARGETED_DEVICE_FAMILY = "1,2";
			};
			name = Debug;
		};
		7431831A297735A100D621AE /* Release */ = {
			isa = XCBuildConfiguration;
			buildSettings = {
				ASSETCATALOG_COMPILER_APPICON_NAME = AppIcon;
				ASSETCATALOG_COMPILER_GLOBAL_ACCENT_COLOR_NAME = AccentColor;
				CODE_SIGN_STYLE = Automatic;
				CURRENT_PROJECT_VERSION = 1;
				DEVELOPMENT_ASSET_PATHS = "\"Custom Calculator SwiftUI/Preview Content\"";
				DEVELOPMENT_TEAM = 3LF677RTA3;
				ENABLE_PREVIEWS = YES;
				GENERATE_INFOPLIST_FILE = YES;
				INFOPLIST_FILE = "Custom-Calculator-SwiftUI-Info.plist";
				INFOPLIST_KEY_UIApplicationSupportsIndirectInputEvents = YES;
				INFOPLIST_KEY_UILaunchScreen_Generation = YES;
				INFOPLIST_KEY_UISupportedInterfaceOrientations_iPad = "UIInterfaceOrientationPortrait UIInterfaceOrientationPortraitUpsideDown UIInterfaceOrientationLandscapeLeft UIInterfaceOrientationLandscapeRight";
				INFOPLIST_KEY_UISupportedInterfaceOrientations_iPhone = "UIInterfaceOrientationPortrait UIInterfaceOrientationLandscapeLeft UIInterfaceOrientationLandscapeRight";
				LD_RUNPATH_SEARCH_PATHS = (
					"$(inherited)",
					"@executable_path/Frameworks",
				);
				MARKETING_VERSION = 1.0;
				PRODUCT_BUNDLE_IDENTIFIER = "Dmitry-Novosyolov.Custom-Calculator-SwiftUI";
				PRODUCT_NAME = "$(TARGET_NAME)";
				SWIFT_EMIT_LOC_STRINGS = YES;
				SWIFT_VERSION = 5.0;
				TARGETED_DEVICE_FAMILY = "1,2";
			};
			name = Release;
		};
/* End XCBuildConfiguration section */

/* Begin XCConfigurationList section */
		74318305297735A100D621AE /* Build configuration list for PBXProject "Custom Calculator SwiftUI" */ = {
			isa = XCConfigurationList;
			buildConfigurations = (
				74318316297735A100D621AE /* Debug */,
				74318317297735A100D621AE /* Release */,
			);
			defaultConfigurationIsVisible = 0;
			defaultConfigurationName = Release;
		};
		74318318297735A100D621AE /* Build configuration list for PBXNativeTarget "Custom Calculator SwiftUI" */ = {
			isa = XCConfigurationList;
			buildConfigurations = (
				74318319297735A100D621AE /* Debug */,
				7431831A297735A100D621AE /* Release */,
			);
			defaultConfigurationIsVisible = 0;
			defaultConfigurationName = Release;
		};
/* End XCConfigurationList section */
	};
	rootObject = 74318302297735A100D621AE /* Project object */;
}
